// !$*UTF8*$!
{
	archiveVersion = 1;
	classes = {
	};
	objectVersion = 56;
	objects = {

/* Begin PBXBuildFile section */
		DB99C6492B5CF185009E29B3 /* TabBarExample.swift in Sources */ = {isa = PBXBuildFile; fileRef = DB99C6482B5CF185009E29B3 /* TabBarExample.swift */; };
		DB99C64B2B5CF1C5009E29B3 /* NavigationExample.swift in Sources */ = {isa = PBXBuildFile; fileRef = DB99C64A2B5CF1C5009E29B3 /* NavigationExample.swift */; };
		DB99C64D2B5D66A6009E29B3 /* NewWindowView.swift in Sources */ = {isa = PBXBuildFile; fileRef = DB99C64C2B5D66A6009E29B3 /* NewWindowView.swift */; };
		DBAED05A2B5BD44000DFF3EE /* RealityKitContent in Frameworks */ = {isa = PBXBuildFile; productRef = DBAED0592B5BD44000DFF3EE /* RealityKitContent */; };
		DBAED05C2B5BD44000DFF3EE /* ExploringVisionApp.swift in Sources */ = {isa = PBXBuildFile; fileRef = DBAED05B2B5BD44000DFF3EE /* ExploringVisionApp.swift */; };
		DBAED05E2B5BD44000DFF3EE /* ContentView.swift in Sources */ = {isa = PBXBuildFile; fileRef = DBAED05D2B5BD44000DFF3EE /* ContentView.swift */; };
		DBAED0602B5BD44100DFF3EE /* Assets.xcassets in Resources */ = {isa = PBXBuildFile; fileRef = DBAED05F2B5BD44100DFF3EE /* Assets.xcassets */; };
		DBAED0632B5BD44100DFF3EE /* Preview Assets.xcassets in Resources */ = {isa = PBXBuildFile; fileRef = DBAED0622B5BD44100DFF3EE /* Preview Assets.xcassets */; };
		DBAED0832B5C461A00DFF3EE /* MarigoldFlower.swift in Sources */ = {isa = PBXBuildFile; fileRef = DBAED06B2B5C461900DFF3EE /* MarigoldFlower.swift */; };
		DBAED0842B5C461A00DFF3EE /* OrchidsFlower.swift in Sources */ = {isa = PBXBuildFile; fileRef = DBAED06C2B5C461900DFF3EE /* OrchidsFlower.swift */; };
		DBAED0852B5C461A00DFF3EE /* NormalFlower.swift in Sources */ = {isa = PBXBuildFile; fileRef = DBAED06D2B5C461900DFF3EE /* NormalFlower.swift */; };
		DBAED0862B5C461A00DFF3EE /* LotusFlower.swift in Sources */ = {isa = PBXBuildFile; fileRef = DBAED06E2B5C461900DFF3EE /* LotusFlower.swift */; };
		DBAED0872B5C461A00DFF3EE /* Sunflower.swift in Sources */ = {isa = PBXBuildFile; fileRef = DBAED06F2B5C461900DFF3EE /* Sunflower.swift */; };
		DBAED0882B5C461A00DFF3EE /* TuberoseFlower.swift in Sources */ = {isa = PBXBuildFile; fileRef = DBAED0702B5C461900DFF3EE /* TuberoseFlower.swift */; };
		DBAED0892B5C461A00DFF3EE /* RoseMyrtleFlower.swift in Sources */ = {isa = PBXBuildFile; fileRef = DBAED0712B5C461900DFF3EE /* RoseMyrtleFlower.swift */; };
		DBAED08A2B5C461A00DFF3EE /* ApricotFlower.swift in Sources */ = {isa = PBXBuildFile; fileRef = DBAED0722B5C461900DFF3EE /* ApricotFlower.swift */; };
		DBAED08B2B5C461A00DFF3EE /* YellowDaisyFlower.swift in Sources */ = {isa = PBXBuildFile; fileRef = DBAED0732B5C461900DFF3EE /* YellowDaisyFlower.swift */; };
		DBAED08C2B5C461A00DFF3EE /* RoseFlower.swift in Sources */ = {isa = PBXBuildFile; fileRef = DBAED0742B5C461900DFF3EE /* RoseFlower.swift */; };
		DBAED08D2B5C461A00DFF3EE /* DaisyFlower.swift in Sources */ = {isa = PBXBuildFile; fileRef = DBAED0752B5C461900DFF3EE /* DaisyFlower.swift */; };
		DBAED08E2B5C461A00DFF3EE /* GattungCamelliaFlower.swift in Sources */ = {isa = PBXBuildFile; fileRef = DBAED0762B5C461900DFF3EE /* GattungCamelliaFlower.swift */; };
		DBAED08F2B5C461A00DFF3EE /* FourLeafClover.swift in Sources */ = {isa = PBXBuildFile; fileRef = DBAED0772B5C461900DFF3EE /* FourLeafClover.swift */; };
		DBAED0902B5C461A00DFF3EE /* IrisDomesticaFlower.swift in Sources */ = {isa = PBXBuildFile; fileRef = DBAED0782B5C461900DFF3EE /* IrisDomesticaFlower.swift */; };
		DBAED0912B5C461A00DFF3EE /* CherryBlossom .swift in Sources */ = {isa = PBXBuildFile; fileRef = DBAED0792B5C461900DFF3EE /* CherryBlossom .swift */; };
		DBAED0922B5C461A00DFF3EE /* ChrysanthemumPath.swift in Sources */ = {isa = PBXBuildFile; fileRef = DBAED07B2B5C461900DFF3EE /* ChrysanthemumPath.swift */; };
		DBAED0932B5C461A00DFF3EE /* OrchidsPatelPath.swift in Sources */ = {isa = PBXBuildFile; fileRef = DBAED07C2B5C461900DFF3EE /* OrchidsPatelPath.swift */; };
		DBAED0942B5C461A00DFF3EE /* IrisDomesticaPath.swift in Sources */ = {isa = PBXBuildFile; fileRef = DBAED07D2B5C461900DFF3EE /* IrisDomesticaPath.swift */; };
		DBAED0952B5C461A00DFF3EE /* CheryBlossomFlowerPath.swift in Sources */ = {isa = PBXBuildFile; fileRef = DBAED07E2B5C461900DFF3EE /* CheryBlossomFlowerPath.swift */; };
		DBAED0962B5C461A00DFF3EE /* DrawingPath.swift in Sources */ = {isa = PBXBuildFile; fileRef = DBAED07F2B5C461A00DFF3EE /* DrawingPath.swift */; };
		DBAED0972B5C461A00DFF3EE /* NormalFlowerPath.swift in Sources */ = {isa = PBXBuildFile; fileRef = DBAED0802B5C461A00DFF3EE /* NormalFlowerPath.swift */; };
		DBAED0982B5C461A00DFF3EE /* HeartShapePath.swift in Sources */ = {isa = PBXBuildFile; fileRef = DBAED0812B5C461A00DFF3EE /* HeartShapePath.swift */; };
		DBAED0992B5C461A00DFF3EE /* LotusFlowerPath.swift in Sources */ = {isa = PBXBuildFile; fileRef = DBAED0822B5C461A00DFF3EE /* LotusFlowerPath.swift */; };
/* End PBXBuildFile section */

/* Begin PBXFileReference section */
		DB99C6482B5CF185009E29B3 /* TabBarExample.swift */ = {isa = PBXFileReference; lastKnownFileType = sourcecode.swift; path = TabBarExample.swift; sourceTree = "<group>"; };
		DB99C64A2B5CF1C5009E29B3 /* NavigationExample.swift */ = {isa = PBXFileReference; lastKnownFileType = sourcecode.swift; path = NavigationExample.swift; sourceTree = "<group>"; };
		DB99C64C2B5D66A6009E29B3 /* NewWindowView.swift */ = {isa = PBXFileReference; lastKnownFileType = sourcecode.swift; path = NewWindowView.swift; sourceTree = "<group>"; };
		DBAED0542B5BD44000DFF3EE /* ExploringVision.app */ = {isa = PBXFileReference; explicitFileType = wrapper.application; includeInIndex = 0; path = ExploringVision.app; sourceTree = BUILT_PRODUCTS_DIR; };
		DBAED0582B5BD44000DFF3EE /* RealityKitContent */ = {isa = PBXFileReference; lastKnownFileType = wrapper; path = RealityKitContent; sourceTree = "<group>"; };
		DBAED05B2B5BD44000DFF3EE /* ExploringVisionApp.swift */ = {isa = PBXFileReference; lastKnownFileType = sourcecode.swift; path = ExploringVisionApp.swift; sourceTree = "<group>"; };
		DBAED05D2B5BD44000DFF3EE /* ContentView.swift */ = {isa = PBXFileReference; lastKnownFileType = sourcecode.swift; path = ContentView.swift; sourceTree = "<group>"; };
		DBAED05F2B5BD44100DFF3EE /* Assets.xcassets */ = {isa = PBXFileReference; lastKnownFileType = folder.assetcatalog; path = Assets.xcassets; sourceTree = "<group>"; };
		DBAED0622B5BD44100DFF3EE /* Preview Assets.xcassets */ = {isa = PBXFileReference; lastKnownFileType = folder.assetcatalog; path = "Preview Assets.xcassets"; sourceTree = "<group>"; };
		DBAED0642B5BD44100DFF3EE /* Info.plist */ = {isa = PBXFileReference; lastKnownFileType = text.plist.xml; path = Info.plist; sourceTree = "<group>"; };
		DBAED06B2B5C461900DFF3EE /* MarigoldFlower.swift */ = {isa = PBXFileReference; fileEncoding = 4; lastKnownFileType = sourcecode.swift; path = MarigoldFlower.swift; sourceTree = "<group>"; };
		DBAED06C2B5C461900DFF3EE /* OrchidsFlower.swift */ = {isa = PBXFileReference; fileEncoding = 4; lastKnownFileType = sourcecode.swift; path = OrchidsFlower.swift; sourceTree = "<group>"; };
		DBAED06D2B5C461900DFF3EE /* NormalFlower.swift */ = {isa = PBXFileReference; fileEncoding = 4; lastKnownFileType = sourcecode.swift; path = NormalFlower.swift; sourceTree = "<group>"; };
		DBAED06E2B5C461900DFF3EE /* LotusFlower.swift */ = {isa = PBXFileReference; fileEncoding = 4; lastKnownFileType = sourcecode.swift; path = LotusFlower.swift; sourceTree = "<group>"; };
		DBAED06F2B5C461900DFF3EE /* Sunflower.swift */ = {isa = PBXFileReference; fileEncoding = 4; lastKnownFileType = sourcecode.swift; path = Sunflower.swift; sourceTree = "<group>"; };
		DBAED0702B5C461900DFF3EE /* TuberoseFlower.swift */ = {isa = PBXFileReference; fileEncoding = 4; lastKnownFileType = sourcecode.swift; path = TuberoseFlower.swift; sourceTree = "<group>"; };
		DBAED0712B5C461900DFF3EE /* RoseMyrtleFlower.swift */ = {isa = PBXFileReference; fileEncoding = 4; lastKnownFileType = sourcecode.swift; path = RoseMyrtleFlower.swift; sourceTree = "<group>"; };
		DBAED0722B5C461900DFF3EE /* ApricotFlower.swift */ = {isa = PBXFileReference; fileEncoding = 4; lastKnownFileType = sourcecode.swift; path = ApricotFlower.swift; sourceTree = "<group>"; };
		DBAED0732B5C461900DFF3EE /* YellowDaisyFlower.swift */ = {isa = PBXFileReference; fileEncoding = 4; lastKnownFileType = sourcecode.swift; path = YellowDaisyFlower.swift; sourceTree = "<group>"; };
		DBAED0742B5C461900DFF3EE /* RoseFlower.swift */ = {isa = PBXFileReference; fileEncoding = 4; lastKnownFileType = sourcecode.swift; path = RoseFlower.swift; sourceTree = "<group>"; };
		DBAED0752B5C461900DFF3EE /* DaisyFlower.swift */ = {isa = PBXFileReference; fileEncoding = 4; lastKnownFileType = sourcecode.swift; path = DaisyFlower.swift; sourceTree = "<group>"; };
		DBAED0762B5C461900DFF3EE /* GattungCamelliaFlower.swift */ = {isa = PBXFileReference; fileEncoding = 4; lastKnownFileType = sourcecode.swift; path = GattungCamelliaFlower.swift; sourceTree = "<group>"; };
		DBAED0772B5C461900DFF3EE /* FourLeafClover.swift */ = {isa = PBXFileReference; fileEncoding = 4; lastKnownFileType = sourcecode.swift; path = FourLeafClover.swift; sourceTree = "<group>"; };
		DBAED0782B5C461900DFF3EE /* IrisDomesticaFlower.swift */ = {isa = PBXFileReference; fileEncoding = 4; lastKnownFileType = sourcecode.swift; path = IrisDomesticaFlower.swift; sourceTree = "<group>"; };
		DBAED0792B5C461900DFF3EE /* CherryBlossom .swift */ = {isa = PBXFileReference; fileEncoding = 4; lastKnownFileType = sourcecode.swift; path = "CherryBlossom .swift"; sourceTree = "<group>"; };
		DBAED07B2B5C461900DFF3EE /* ChrysanthemumPath.swift */ = {isa = PBXFileReference; fileEncoding = 4; lastKnownFileType = sourcecode.swift; path = ChrysanthemumPath.swift; sourceTree = "<group>"; };
		DBAED07C2B5C461900DFF3EE /* OrchidsPatelPath.swift */ = {isa = PBXFileReference; fileEncoding = 4; lastKnownFileType = sourcecode.swift; path = OrchidsPatelPath.swift; sourceTree = "<group>"; };
		DBAED07D2B5C461900DFF3EE /* IrisDomesticaPath.swift */ = {isa = PBXFileReference; fileEncoding = 4; lastKnownFileType = sourcecode.swift; path = IrisDomesticaPath.swift; sourceTree = "<group>"; };
		DBAED07E2B5C461900DFF3EE /* CheryBlossomFlowerPath.swift */ = {isa = PBXFileReference; fileEncoding = 4; lastKnownFileType = sourcecode.swift; path = CheryBlossomFlowerPath.swift; sourceTree = "<group>"; };
		DBAED07F2B5C461A00DFF3EE /* DrawingPath.swift */ = {isa = PBXFileReference; fileEncoding = 4; lastKnownFileType = sourcecode.swift; path = DrawingPath.swift; sourceTree = "<group>"; };
		DBAED0802B5C461A00DFF3EE /* NormalFlowerPath.swift */ = {isa = PBXFileReference; fileEncoding = 4; lastKnownFileType = sourcecode.swift; path = NormalFlowerPath.swift; sourceTree = "<group>"; };
		DBAED0812B5C461A00DFF3EE /* HeartShapePath.swift */ = {isa = PBXFileReference; fileEncoding = 4; lastKnownFileType = sourcecode.swift; path = HeartShapePath.swift; sourceTree = "<group>"; };
		DBAED0822B5C461A00DFF3EE /* LotusFlowerPath.swift */ = {isa = PBXFileReference; fileEncoding = 4; lastKnownFileType = sourcecode.swift; path = LotusFlowerPath.swift; sourceTree = "<group>"; };
/* End PBXFileReference section */

/* Begin PBXFrameworksBuildPhase section */
		DBAED0512B5BD44000DFF3EE /* Frameworks */ = {
			isa = PBXFrameworksBuildPhase;
			buildActionMask = 2147483647;
			files = (
				DBAED05A2B5BD44000DFF3EE /* RealityKitContent in Frameworks */,
			);
			runOnlyForDeploymentPostprocessing = 0;
		};
/* End PBXFrameworksBuildPhase section */

/* Begin PBXGroup section */
		DBAED04B2B5BD44000DFF3EE = {
			isa = PBXGroup;
			children = (
				DBAED0562B5BD44000DFF3EE /* ExploringVision */,
				DBAED0572B5BD44000DFF3EE /* Packages */,
				DBAED0552B5BD44000DFF3EE /* Products */,
			);
			sourceTree = "<group>";
		};
		DBAED0552B5BD44000DFF3EE /* Products */ = {
			isa = PBXGroup;
			children = (
				DBAED0542B5BD44000DFF3EE /* ExploringVision.app */,
			);
			name = Products;
			sourceTree = "<group>";
		};
		DBAED0562B5BD44000DFF3EE /* ExploringVision */ = {
			isa = PBXGroup;
			children = (
				DBAED06A2B5C461900DFF3EE /* Flower */,
				DBAED07A2B5C461900DFF3EE /* Path */,
				DBAED05B2B5BD44000DFF3EE /* ExploringVisionApp.swift */,
				DBAED05D2B5BD44000DFF3EE /* ContentView.swift */,
				DB99C64C2B5D66A6009E29B3 /* NewWindowView.swift */,
				DB99C6482B5CF185009E29B3 /* TabBarExample.swift */,
				DB99C64A2B5CF1C5009E29B3 /* NavigationExample.swift */,
				DBAED05F2B5BD44100DFF3EE /* Assets.xcassets */,
				DBAED0642B5BD44100DFF3EE /* Info.plist */,
				DBAED0612B5BD44100DFF3EE /* Preview Content */,
			);
			path = ExploringVision;
			sourceTree = "<group>";
		};
		DBAED0572B5BD44000DFF3EE /* Packages */ = {
			isa = PBXGroup;
			children = (
				DBAED0582B5BD44000DFF3EE /* RealityKitContent */,
			);
			path = Packages;
			sourceTree = "<group>";
		};
		DBAED0612B5BD44100DFF3EE /* Preview Content */ = {
			isa = PBXGroup;
			children = (
				DBAED0622B5BD44100DFF3EE /* Preview Assets.xcassets */,
			);
			path = "Preview Content";
			sourceTree = "<group>";
		};
		DBAED06A2B5C461900DFF3EE /* Flower */ = {
			isa = PBXGroup;
			children = (
				DBAED06B2B5C461900DFF3EE /* MarigoldFlower.swift */,
				DBAED06C2B5C461900DFF3EE /* OrchidsFlower.swift */,
				DBAED06D2B5C461900DFF3EE /* NormalFlower.swift */,
				DBAED06E2B5C461900DFF3EE /* LotusFlower.swift */,
				DBAED06F2B5C461900DFF3EE /* Sunflower.swift */,
				DBAED0702B5C461900DFF3EE /* TuberoseFlower.swift */,
				DBAED0712B5C461900DFF3EE /* RoseMyrtleFlower.swift */,
				DBAED0722B5C461900DFF3EE /* ApricotFlower.swift */,
				DBAED0732B5C461900DFF3EE /* YellowDaisyFlower.swift */,
				DBAED0742B5C461900DFF3EE /* RoseFlower.swift */,
				DBAED0752B5C461900DFF3EE /* DaisyFlower.swift */,
				DBAED0762B5C461900DFF3EE /* GattungCamelliaFlower.swift */,
				DBAED0772B5C461900DFF3EE /* FourLeafClover.swift */,
				DBAED0782B5C461900DFF3EE /* IrisDomesticaFlower.swift */,
				DBAED0792B5C461900DFF3EE /* CherryBlossom .swift */,
			);
			path = Flower;
			sourceTree = "<group>";
		};
		DBAED07A2B5C461900DFF3EE /* Path */ = {
			isa = PBXGroup;
			children = (
				DBAED07B2B5C461900DFF3EE /* ChrysanthemumPath.swift */,
				DBAED07C2B5C461900DFF3EE /* OrchidsPatelPath.swift */,
				DBAED07D2B5C461900DFF3EE /* IrisDomesticaPath.swift */,
				DBAED07E2B5C461900DFF3EE /* CheryBlossomFlowerPath.swift */,
				DBAED07F2B5C461A00DFF3EE /* DrawingPath.swift */,
				DBAED0802B5C461A00DFF3EE /* NormalFlowerPath.swift */,
				DBAED0812B5C461A00DFF3EE /* HeartShapePath.swift */,
				DBAED0822B5C461A00DFF3EE /* LotusFlowerPath.swift */,
			);
			path = Path;
			sourceTree = "<group>";
		};
/* End PBXGroup section */

/* Begin PBXNativeTarget section */
		DBAED0532B5BD44000DFF3EE /* ExploringVision */ = {
			isa = PBXNativeTarget;
			buildConfigurationList = DBAED0672B5BD44100DFF3EE /* Build configuration list for PBXNativeTarget "ExploringVision" */;
			buildPhases = (
				DBAED0502B5BD44000DFF3EE /* Sources */,
				DBAED0512B5BD44000DFF3EE /* Frameworks */,
				DBAED0522B5BD44000DFF3EE /* Resources */,
			);
			buildRules = (
			);
			dependencies = (
			);
			name = ExploringVision;
			packageProductDependencies = (
				DBAED0592B5BD44000DFF3EE /* RealityKitContent */,
			);
			productName = ExploringVision;
			productReference = DBAED0542B5BD44000DFF3EE /* ExploringVision.app */;
			productType = "com.apple.product-type.application";
		};
/* End PBXNativeTarget section */

/* Begin PBXProject section */
		DBAED04C2B5BD44000DFF3EE /* Project object */ = {
			isa = PBXProject;
			attributes = {
				BuildIndependentTargetsInParallel = 1;
				LastSwiftUpdateCheck = 1520;
				LastUpgradeCheck = 1520;
				TargetAttributes = {
					DBAED0532B5BD44000DFF3EE = {
						CreatedOnToolsVersion = 15.2;
					};
				};
			};
			buildConfigurationList = DBAED04F2B5BD44000DFF3EE /* Build configuration list for PBXProject "ExploringVision" */;
			compatibilityVersion = "Xcode 14.0";
			developmentRegion = en;
			hasScannedForEncodings = 0;
			knownRegions = (
				en,
				Base,
			);
			mainGroup = DBAED04B2B5BD44000DFF3EE;
			productRefGroup = DBAED0552B5BD44000DFF3EE /* Products */;
			projectDirPath = "";
			projectRoot = "";
			targets = (
				DBAED0532B5BD44000DFF3EE /* ExploringVision */,
			);
		};
/* End PBXProject section */

/* Begin PBXResourcesBuildPhase section */
		DBAED0522B5BD44000DFF3EE /* Resources */ = {
			isa = PBXResourcesBuildPhase;
			buildActionMask = 2147483647;
			files = (
				DBAED0632B5BD44100DFF3EE /* Preview Assets.xcassets in Resources */,
				DBAED0602B5BD44100DFF3EE /* Assets.xcassets in Resources */,
			);
			runOnlyForDeploymentPostprocessing = 0;
		};
/* End PBXResourcesBuildPhase section */

/* Begin PBXSourcesBuildPhase section */
		DBAED0502B5BD44000DFF3EE /* Sources */ = {
			isa = PBXSourcesBuildPhase;
			buildActionMask = 2147483647;
			files = (
				DBAED05E2B5BD44000DFF3EE /* ContentView.swift in Sources */,
				DB99C64B2B5CF1C5009E29B3 /* NavigationExample.swift in Sources */,
				DBAED0922B5C461A00DFF3EE /* ChrysanthemumPath.swift in Sources */,
				DBAED0842B5C461A00DFF3EE /* OrchidsFlower.swift in Sources */,
				DBAED0972B5C461A00DFF3EE /* NormalFlowerPath.swift in Sources */,
				DB99C6492B5CF185009E29B3 /* TabBarExample.swift in Sources */,
				DBAED0912B5C461A00DFF3EE /* CherryBlossom .swift in Sources */,
				DBAED0852B5C461A00DFF3EE /* NormalFlower.swift in Sources */,
				DBAED0902B5C461A00DFF3EE /* IrisDomesticaFlower.swift in Sources */,
				DBAED0872B5C461A00DFF3EE /* Sunflower.swift in Sources */,
				DBAED08F2B5C461A00DFF3EE /* FourLeafClover.swift in Sources */,
				DBAED0982B5C461A00DFF3EE /* HeartShapePath.swift in Sources */,
				DBAED08B2B5C461A00DFF3EE /* YellowDaisyFlower.swift in Sources */,
				DBAED08E2B5C461A00DFF3EE /* GattungCamelliaFlower.swift in Sources */,
				DBAED05C2B5BD44000DFF3EE /* ExploringVisionApp.swift in Sources */,
				DBAED0962B5C461A00DFF3EE /* DrawingPath.swift in Sources */,
				DBAED0952B5C461A00DFF3EE /* CheryBlossomFlowerPath.swift in Sources */,
				DBAED0942B5C461A00DFF3EE /* IrisDomesticaPath.swift in Sources */,
				DBAED08A2B5C461A00DFF3EE /* ApricotFlower.swift in Sources */,
				DBAED08C2B5C461A00DFF3EE /* RoseFlower.swift in Sources */,
				DBAED0932B5C461A00DFF3EE /* OrchidsPatelPath.swift in Sources */,
				DBAED0992B5C461A00DFF3EE /* LotusFlowerPath.swift in Sources */,
				DBAED0862B5C461A00DFF3EE /* LotusFlower.swift in Sources */,
				DB99C64D2B5D66A6009E29B3 /* NewWindowView.swift in Sources */,
				DBAED0892B5C461A00DFF3EE /* RoseMyrtleFlower.swift in Sources */,
				DBAED0832B5C461A00DFF3EE /* MarigoldFlower.swift in Sources */,
				DBAED08D2B5C461A00DFF3EE /* DaisyFlower.swift in Sources */,
				DBAED0882B5C461A00DFF3EE /* TuberoseFlower.swift in Sources */,
			);
			runOnlyForDeploymentPostprocessing = 0;
		};
/* End PBXSourcesBuildPhase section */

/* Begin XCBuildConfiguration section */
		DBAED0652B5BD44100DFF3EE /* Debug */ = {
			isa = XCBuildConfiguration;
			buildSettings = {
				ALWAYS_SEARCH_USER_PATHS = NO;
				ASSETCATALOG_COMPILER_GENERATE_SWIFT_ASSET_SYMBOL_EXTENSIONS = YES;
				CLANG_ANALYZER_NONNULL = YES;
				CLANG_ANALYZER_NUMBER_OBJECT_CONVERSION = YES_AGGRESSIVE;
				CLANG_CXX_LANGUAGE_STANDARD = "gnu++20";
				CLANG_ENABLE_MODULES = YES;
				CLANG_ENABLE_OBJC_ARC = YES;
				CLANG_ENABLE_OBJC_WEAK = YES;
				CLANG_WARN_BLOCK_CAPTURE_AUTORELEASING = YES;
				CLANG_WARN_BOOL_CONVERSION = YES;
				CLANG_WARN_COMMA = YES;
				CLANG_WARN_CONSTANT_CONVERSION = YES;
				CLANG_WARN_DEPRECATED_OBJC_IMPLEMENTATIONS = YES;
				CLANG_WARN_DIRECT_OBJC_ISA_USAGE = YES_ERROR;
				CLANG_WARN_DOCUMENTATION_COMMENTS = YES;
				CLANG_WARN_EMPTY_BODY = YES;
				CLANG_WARN_ENUM_CONVERSION = YES;
				CLANG_WARN_INFINITE_RECURSION = YES;
				CLANG_WARN_INT_CONVERSION = YES;
				CLANG_WARN_NON_LITERAL_NULL_CONVERSION = YES;
				CLANG_WARN_OBJC_IMPLICIT_RETAIN_SELF = YES;
				CLANG_WARN_OBJC_LITERAL_CONVERSION = YES;
				CLANG_WARN_OBJC_ROOT_CLASS = YES_ERROR;
				CLANG_WARN_QUOTED_INCLUDE_IN_FRAMEWORK_HEADER = YES;
				CLANG_WARN_RANGE_LOOP_ANALYSIS = YES;
				CLANG_WARN_STRICT_PROTOTYPES = YES;
				CLANG_WARN_SUSPICIOUS_MOVE = YES;
				CLANG_WARN_UNGUARDED_AVAILABILITY = YES_AGGRESSIVE;
				CLANG_WARN_UNREACHABLE_CODE = YES;
				CLANG_WARN__DUPLICATE_METHOD_MATCH = YES;
				COPY_PHASE_STRIP = NO;
				DEBUG_INFORMATION_FORMAT = dwarf;
				ENABLE_STRICT_OBJC_MSGSEND = YES;
				ENABLE_TESTABILITY = YES;
				ENABLE_USER_SCRIPT_SANDBOXING = YES;
				GCC_C_LANGUAGE_STANDARD = gnu17;
				GCC_DYNAMIC_NO_PIC = NO;
				GCC_NO_COMMON_BLOCKS = YES;
				GCC_OPTIMIZATION_LEVEL = 0;
				GCC_PREPROCESSOR_DEFINITIONS = (
					"DEBUG=1",
					"$(inherited)",
				);
				GCC_WARN_64_TO_32_BIT_CONVERSION = YES;
				GCC_WARN_ABOUT_RETURN_TYPE = YES_ERROR;
				GCC_WARN_UNDECLARED_SELECTOR = YES;
				GCC_WARN_UNINITIALIZED_AUTOS = YES_AGGRESSIVE;
				GCC_WARN_UNUSED_FUNCTION = YES;
				GCC_WARN_UNUSED_VARIABLE = YES;
				LOCALIZATION_PREFERS_STRING_CATALOGS = YES;
				MTL_ENABLE_DEBUG_INFO = INCLUDE_SOURCE;
				MTL_FAST_MATH = YES;
				ONLY_ACTIVE_ARCH = YES;
				SDKROOT = xros;
				SWIFT_ACTIVE_COMPILATION_CONDITIONS = "DEBUG $(inherited)";
				SWIFT_OPTIMIZATION_LEVEL = "-Onone";
				XROS_DEPLOYMENT_TARGET = 1.0;
			};
			name = Debug;
		};
		DBAED0662B5BD44100DFF3EE /* Release */ = {
			isa = XCBuildConfiguration;
			buildSettings = {
				ALWAYS_SEARCH_USER_PATHS = NO;
				ASSETCATALOG_COMPILER_GENERATE_SWIFT_ASSET_SYMBOL_EXTENSIONS = YES;
				CLANG_ANALYZER_NONNULL = YES;
				CLANG_ANALYZER_NUMBER_OBJECT_CONVERSION = YES_AGGRESSIVE;
				CLANG_CXX_LANGUAGE_STANDARD = "gnu++20";
				CLANG_ENABLE_MODULES = YES;
				CLANG_ENABLE_OBJC_ARC = YES;
				CLANG_ENABLE_OBJC_WEAK = YES;
				CLANG_WARN_BLOCK_CAPTURE_AUTORELEASING = YES;
				CLANG_WARN_BOOL_CONVERSION = YES;
				CLANG_WARN_COMMA = YES;
				CLANG_WARN_CONSTANT_CONVERSION = YES;
				CLANG_WARN_DEPRECATED_OBJC_IMPLEMENTATIONS = YES;
				CLANG_WARN_DIRECT_OBJC_ISA_USAGE = YES_ERROR;
				CLANG_WARN_DOCUMENTATION_COMMENTS = YES;
				CLANG_WARN_EMPTY_BODY = YES;
				CLANG_WARN_ENUM_CONVERSION = YES;
				CLANG_WARN_INFINITE_RECURSION = YES;
				CLANG_WARN_INT_CONVERSION = YES;
				CLANG_WARN_NON_LITERAL_NULL_CONVERSION = YES;
				CLANG_WARN_OBJC_IMPLICIT_RETAIN_SELF = YES;
				CLANG_WARN_OBJC_LITERAL_CONVERSION = YES;
				CLANG_WARN_OBJC_ROOT_CLASS = YES_ERROR;
				CLANG_WARN_QUOTED_INCLUDE_IN_FRAMEWORK_HEADER = YES;
				CLANG_WARN_RANGE_LOOP_ANALYSIS = YES;
				CLANG_WARN_STRICT_PROTOTYPES = YES;
				CLANG_WARN_SUSPICIOUS_MOVE = YES;
				CLANG_WARN_UNGUARDED_AVAILABILITY = YES_AGGRESSIVE;
				CLANG_WARN_UNREACHABLE_CODE = YES;
				CLANG_WARN__DUPLICATE_METHOD_MATCH = YES;
				COPY_PHASE_STRIP = NO;
				DEBUG_INFORMATION_FORMAT = "dwarf-with-dsym";
				ENABLE_NS_ASSERTIONS = NO;
				ENABLE_STRICT_OBJC_MSGSEND = YES;
				ENABLE_USER_SCRIPT_SANDBOXING = YES;
				GCC_C_LANGUAGE_STANDARD = gnu17;
				GCC_NO_COMMON_BLOCKS = YES;
				GCC_WARN_64_TO_32_BIT_CONVERSION = YES;
				GCC_WARN_ABOUT_RETURN_TYPE = YES_ERROR;
				GCC_WARN_UNDECLARED_SELECTOR = YES;
				GCC_WARN_UNINITIALIZED_AUTOS = YES_AGGRESSIVE;
				GCC_WARN_UNUSED_FUNCTION = YES;
				GCC_WARN_UNUSED_VARIABLE = YES;
				LOCALIZATION_PREFERS_STRING_CATALOGS = YES;
				MTL_ENABLE_DEBUG_INFO = NO;
				MTL_FAST_MATH = YES;
				SDKROOT = xros;
				SWIFT_COMPILATION_MODE = wholemodule;
				VALIDATE_PRODUCT = YES;
				XROS_DEPLOYMENT_TARGET = 1.0;
			};
			name = Release;
		};
		DBAED0682B5BD44100DFF3EE /* Debug */ = {
			isa = XCBuildConfiguration;
			buildSettings = {
				ASSETCATALOG_COMPILER_APPICON_NAME = AppIcon;
				ASSETCATALOG_COMPILER_GLOBAL_ACCENT_COLOR_NAME = AccentColor;
				CODE_SIGN_STYLE = Automatic;
				CURRENT_PROJECT_VERSION = 1;
				DEVELOPMENT_ASSET_PATHS = "\"ExploringVision/Preview Content\"";
				DEVELOPMENT_TEAM = 6W4YD5KNPW;
				ENABLE_PREVIEWS = YES;
				GENERATE_INFOPLIST_FILE = YES;
				INFOPLIST_FILE = "$(TARGET_NAME)/Info.plist";
				LD_RUNPATH_SEARCH_PATHS = (
					"$(inherited)",
					"@executable_path/Frameworks",
				);
				MARKETING_VERSION = 1.0;
				PRODUCT_BUNDLE_IDENTIFIER = com.jamesthang.ExploringVision;
				PRODUCT_NAME = "$(TARGET_NAME)";
				SUPPORTED_PLATFORMS = "xros xrsimulator";
				SWIFT_EMIT_LOC_STRINGS = YES;
				SWIFT_VERSION = 5.0;
				TARGETED_DEVICE_FAMILY = "1,2,7";
			};
			name = Debug;
		};
		DBAED0692B5BD44100DFF3EE /* Release */ = {
			isa = XCBuildConfiguration;
			buildSettings = {
				ASSETCATALOG_COMPILER_APPICON_NAME = AppIcon;
				ASSETCATALOG_COMPILER_GLOBAL_ACCENT_COLOR_NAME = AccentColor;
				CODE_SIGN_STYLE = Automatic;
				CURRENT_PROJECT_VERSION = 1;
				DEVELOPMENT_ASSET_PATHS = "\"ExploringVision/Preview Content\"";
				DEVELOPMENT_TEAM = 6W4YD5KNPW;
				ENABLE_PREVIEWS = YES;
				GENERATE_INFOPLIST_FILE = YES;
				INFOPLIST_FILE = "$(TARGET_NAME)/Info.plist";
				LD_RUNPATH_SEARCH_PATHS = (
					"$(inherited)",
					"@executable_path/Frameworks",
				);
				MARKETING_VERSION = 1.0;
				PRODUCT_BUNDLE_IDENTIFIER = com.jamesthang.ExploringVision;
				PRODUCT_NAME = "$(TARGET_NAME)";
				SUPPORTED_PLATFORMS = "xros xrsimulator";
				SWIFT_EMIT_LOC_STRINGS = YES;
				SWIFT_VERSION = 5.0;
				TARGETED_DEVICE_FAMILY = "1,2,7";
			};
			name = Release;
		};
/* End XCBuildConfiguration section */

/* Begin XCConfigurationList section */
		DBAED04F2B5BD44000DFF3EE /* Build configuration list for PBXProject "ExploringVision" */ = {
			isa = XCConfigurationList;
			buildConfigurations = (
				DBAED0652B5BD44100DFF3EE /* Debug */,
				DBAED0662B5BD44100DFF3EE /* Release */,
			);
			defaultConfigurationIsVisible = 0;
			defaultConfigurationName = Release;
		};
		DBAED0672B5BD44100DFF3EE /* Build configuration list for PBXNativeTarget "ExploringVision" */ = {
			isa = XCConfigurationList;
			buildConfigurations = (
				DBAED0682B5BD44100DFF3EE /* Debug */,
				DBAED0692B5BD44100DFF3EE /* Release */,
			);
			defaultConfigurationIsVisible = 0;
			defaultConfigurationName = Release;
		};
/* End XCConfigurationList section */

/* Begin XCSwiftPackageProductDependency section */
		DBAED0592B5BD44000DFF3EE /* RealityKitContent */ = {
			isa = XCSwiftPackageProductDependency;
			productName = RealityKitContent;
		};
/* End XCSwiftPackageProductDependency section */
	};
	rootObject = DBAED04C2B5BD44000DFF3EE /* Project object */;
}
